
Microsoft Visual Studio Solution File, Format Version 12.00
# Visual Studio Version 17
VisualStudioVersion = 17.6.33815.320
MinimumVisualStudioVersion = 10.0.40219.1
Project("{FAE04EC0-301F-11D3-BF4B-00C04F79EFBC}") = "CourseEndProject02", "CourseEndProject02.csproj", "{6DF64891-88DA-42DC-BD72-5AEA4C443A61}"
EndProject
Global
	GlobalSection(SolutionConfigurationPlatforms) = preSolution
		Debug|Any CPU = Debug|Any CPU
		Release|Any CPU = Release|Any CPU
	EndGlobalSection
	GlobalSection(ProjectConfigurationPlatforms) = postSolution
		{6DF64891-88DA-42DC-BD72-5AEA4C443A61}.Debug|Any CPU.ActiveCfg = Debug|Any CPU
		{6DF64891-88DA-42DC-BD72-5AEA4C443A61}.Debug|Any CPU.Build.0 = Debug|Any CPU
		{6DF64891-88DA-42DC-BD72-5AEA4C443A61}.Release|Any CPU.ActiveCfg = Release|Any CPU
		{6DF64891-88DA-42DC-BD72-5AEA4C443A61}.Release|Any CPU.Build.0 = Release|Any CPU
	EndGlobalSection
	GlobalSection(SolutionProperties) = preSolution
		HideSolutionNode = FALSE
	EndGlobalSection
	GlobalSection(ExtensibilityGlobals) = postSolution
		SolutionGuid = {E232B100-5C71-4F01-9DE2-4145C2CC2F5C}
	EndGlobalSection
EndGlobal
